
Microsoft Visual Studio Solution File, Format Version 12.00
# Visual Studio Version 17
VisualStudioVersion = 17.1.32319.34
MinimumVisualStudioVersion = 10.0.40219.1
Project("{FAE04EC0-301F-11D3-BF4B-00C04F79EFBC}") = "Project03ClassesCont", "Project 3 - classes cont\Project03ClassesCont.csproj", "{C53C5ED4-5DD1-4547-A7C7-988DEEE9B43C}"
EndProject
Project("{FAE04EC0-301F-11D3-BF4B-00C04F79EFBC}") = "Project04ListsAndFunctionsOverrides", "Project 4 - Lists and functions overrides\Project04ListsAndFunctionsOverrides.csproj", "{5D45F57A-B1EF-40C1-A426-B4DB4040F976}"
EndProject
Project("{FAE04EC0-301F-11D3-BF4B-00C04F79EFBC}") = "Project05Delegates", "Project 5 – Delegates\Project05Delegates.csproj", "{195C88FC-A0BF-41DD-91B7-C990E3C1EFC9}"
EndProject
Project("{FAE04EC0-301F-11D3-BF4B-00C04F79EFBC}") = "Project02Classes", "Project 2 - classes\Project02Classes.csproj", "{428875D2-C0D1-4A61-8BFD-D965B1710CC3}"
EndProject
Project("{FAE04EC0-301F-11D3-BF4B-00C04F79EFBC}") = "Project01VariablesAndPassingToFunctions", "Project 1 - variables and passing to functions\Project01VariablesAndPassingToFunctions.csproj", "{8288C69F-A728-4EC2-905C-EAD09D044919}"
EndProject
Project("{FAE04EC0-301F-11D3-BF4B-00C04F79EFBC}") = "Project06Singletons", "Project 6 - Singletons\Project06Singletons.csproj", "{8347987E-FF24-4B00-A15D-C5DE2CB01708}"
EndProject
Project("{FAE04EC0-301F-11D3-BF4B-00C04F79EFBC}") = "Project07Exercises", "Project 7\Project07Exercises.csproj", "{B4661E7A-1305-495D-B442-E22BACC1CCC8}"
EndProject
Project("{FAE04EC0-301F-11D3-BF4B-00C04F79EFBC}") = "Project08RelationshipClass", "Project8CarRentalConsoleApp\Project08RelationshipClass.csproj", "{E363557A-F413-46FD-A12F-70B06DD0977A}"
EndProject
Project("{FAE04EC0-301F-11D3-BF4B-00C04F79EFBC}") = "Project09SATMatrix", "Project9SATMatrix\Project09SATMatrix.csproj", "{69AD9DB6-D2B4-410C-81D0-CF5A4C08DD77}"
EndProject
Project("{FAE04EC0-301F-11D3-BF4B-00C04F79EFBC}") = "Project10Threading", "Project10Threading\Project10Threading.csproj", "{DB1604E5-5A4D-4E3E-907D-7C1A3264E9CA}"
EndProject
Project("{FAE04EC0-301F-11D3-BF4B-00C04F79EFBC}") = "Project11ScreenRecorder", "Project11Recorder\Project11ScreenRecorder.csproj", "{6A04C406-67EC-4CE0-B4C2-8AAF8DCD37BE}"
EndProject
Project("{FAE04EC0-301F-11D3-BF4B-00C04F79EFBC}") = "Project12ClassRecordBook", "Project12ClassRecordBook\Project12ClassRecordBook.csproj", "{61000CC7-1B7D-4748-AA07-381432B407D8}"
EndProject
Global
	GlobalSection(SolutionConfigurationPlatforms) = preSolution
		Debug|Any CPU = Debug|Any CPU
		Release|Any CPU = Release|Any CPU
	EndGlobalSection
	GlobalSection(ProjectConfigurationPlatforms) = postSolution
		{C53C5ED4-5DD1-4547-A7C7-988DEEE9B43C}.Debug|Any CPU.ActiveCfg = Debug|Any CPU
		{C53C5ED4-5DD1-4547-A7C7-988DEEE9B43C}.Debug|Any CPU.Build.0 = Debug|Any CPU
		{C53C5ED4-5DD1-4547-A7C7-988DEEE9B43C}.Release|Any CPU.ActiveCfg = Release|Any CPU
		{C53C5ED4-5DD1-4547-A7C7-988DEEE9B43C}.Release|Any CPU.Build.0 = Release|Any CPU
		{5D45F57A-B1EF-40C1-A426-B4DB4040F976}.Debug|Any CPU.ActiveCfg = Debug|Any CPU
		{5D45F57A-B1EF-40C1-A426-B4DB4040F976}.Debug|Any CPU.Build.0 = Debug|Any CPU
		{5D45F57A-B1EF-40C1-A426-B4DB4040F976}.Release|Any CPU.ActiveCfg = Release|Any CPU
		{5D45F57A-B1EF-40C1-A426-B4DB4040F976}.Release|Any CPU.Build.0 = Release|Any CPU
		{195C88FC-A0BF-41DD-91B7-C990E3C1EFC9}.Debug|Any CPU.ActiveCfg = Debug|Any CPU
		{195C88FC-A0BF-41DD-91B7-C990E3C1EFC9}.Debug|Any CPU.Build.0 = Debug|Any CPU
		{195C88FC-A0BF-41DD-91B7-C990E3C1EFC9}.Release|Any CPU.ActiveCfg = Release|Any CPU
		{195C88FC-A0BF-41DD-91B7-C990E3C1EFC9}.Release|Any CPU.Build.0 = Release|Any CPU
		{428875D2-C0D1-4A61-8BFD-D965B1710CC3}.Debug|Any CPU.ActiveCfg = Debug|Any CPU
		{428875D2-C0D1-4A61-8BFD-D965B1710CC3}.Debug|Any CPU.Build.0 = Debug|Any CPU
		{428875D2-C0D1-4A61-8BFD-D965B1710CC3}.Release|Any CPU.ActiveCfg = Release|Any CPU
		{428875D2-C0D1-4A61-8BFD-D965B1710CC3}.Release|Any CPU.Build.0 = Release|Any CPU
		{8288C69F-A728-4EC2-905C-EAD09D044919}.Debug|Any CPU.ActiveCfg = Debug|Any CPU
		{8288C69F-A728-4EC2-905C-EAD09D044919}.Debug|Any CPU.Build.0 = Debug|Any CPU
		{8288C69F-A728-4EC2-905C-EAD09D044919}.Release|Any CPU.ActiveCfg = Release|Any CPU
		{8288C69F-A728-4EC2-905C-EAD09D044919}.Release|Any CPU.Build.0 = Release|Any CPU
		{8347987E-FF24-4B00-A15D-C5DE2CB01708}.Debug|Any CPU.ActiveCfg = Debug|Any CPU
		{8347987E-FF24-4B00-A15D-C5DE2CB01708}.Debug|Any CPU.Build.0 = Debug|Any CPU
		{8347987E-FF24-4B00-A15D-C5DE2CB01708}.Release|Any CPU.ActiveCfg = Release|Any CPU
		{8347987E-FF24-4B00-A15D-C5DE2CB01708}.Release|Any CPU.Build.0 = Release|Any CPU
		{B4661E7A-1305-495D-B442-E22BACC1CCC8}.Debug|Any CPU.ActiveCfg = Debug|Any CPU
		{B4661E7A-1305-495D-B442-E22BACC1CCC8}.Debug|Any CPU.Build.0 = Debug|Any CPU
		{B4661E7A-1305-495D-B442-E22BACC1CCC8}.Release|Any CPU.ActiveCfg = Release|Any CPU
		{B4661E7A-1305-495D-B442-E22BACC1CCC8}.Release|Any CPU.Build.0 = Release|Any CPU
		{E363557A-F413-46FD-A12F-70B06DD0977A}.Debug|Any CPU.ActiveCfg = Debug|Any CPU
		{E363557A-F413-46FD-A12F-70B06DD0977A}.Debug|Any CPU.Build.0 = Debug|Any CPU
		{E363557A-F413-46FD-A12F-70B06DD0977A}.Release|Any CPU.ActiveCfg = Release|Any CPU
		{E363557A-F413-46FD-A12F-70B06DD0977A}.Release|Any CPU.Build.0 = Release|Any CPU
		{69AD9DB6-D2B4-410C-81D0-CF5A4C08DD77}.Debug|Any CPU.ActiveCfg = Debug|Any CPU
		{69AD9DB6-D2B4-410C-81D0-CF5A4C08DD77}.Debug|Any CPU.Build.0 = Debug|Any CPU
		{69AD9DB6-D2B4-410C-81D0-CF5A4C08DD77}.Release|Any CPU.ActiveCfg = Release|Any CPU
		{69AD9DB6-D2B4-410C-81D0-CF5A4C08DD77}.Release|Any CPU.Build.0 = Release|Any CPU
		{DB1604E5-5A4D-4E3E-907D-7C1A3264E9CA}.Debug|Any CPU.ActiveCfg = Debug|Any CPU
		{DB1604E5-5A4D-4E3E-907D-7C1A3264E9CA}.Debug|Any CPU.Build.0 = Debug|Any CPU
		{DB1604E5-5A4D-4E3E-907D-7C1A3264E9CA}.Release|Any CPU.ActiveCfg = Release|Any CPU
		{DB1604E5-5A4D-4E3E-907D-7C1A3264E9CA}.Release|Any CPU.Build.0 = Release|Any CPU
		{6A04C406-67EC-4CE0-B4C2-8AAF8DCD37BE}.Debug|Any CPU.ActiveCfg = Debug|Any CPU
		{6A04C406-67EC-4CE0-B4C2-8AAF8DCD37BE}.Debug|Any CPU.Build.0 = Debug|Any CPU
		{6A04C406-67EC-4CE0-B4C2-8AAF8DCD37BE}.Release|Any CPU.ActiveCfg = Release|Any CPU
		{6A04C406-67EC-4CE0-B4C2-8AAF8DCD37BE}.Release|Any CPU.Build.0 = Release|Any CPU
		{61000CC7-1B7D-4748-AA07-381432B407D8}.Debug|Any CPU.ActiveCfg = Debug|Any CPU
		{61000CC7-1B7D-4748-AA07-381432B407D8}.Debug|Any CPU.Build.0 = Debug|Any CPU
		{61000CC7-1B7D-4748-AA07-381432B407D8}.Release|Any CPU.ActiveCfg = Release|Any CPU
		{61000CC7-1B7D-4748-AA07-381432B407D8}.Release|Any CPU.Build.0 = Release|Any CPU
	EndGlobalSection
	GlobalSection(SolutionProperties) = preSolution
		HideSolutionNode = FALSE
	EndGlobalSection
	GlobalSection(ExtensibilityGlobals) = postSolution
		SolutionGuid = {8F67B46A-6BFC-4019-90A2-B5BC881DE3B6}
	EndGlobalSection
EndGlobal
