
Microsoft Visual Studio Solution File, Format Version 12.00
# Visual Studio Version 17
VisualStudioVersion = 17.1.32319.34
MinimumVisualStudioVersion = 10.0.40219.1
Project("{FAE04EC0-301F-11D3-BF4B-00C04F79EFBC}") = "Project 1 - variables and passing to functions", "Solution\Project 1 - variables and passing to functions.csproj", "{8288C69F-A728-4EC2-905C-EAD09D044919}"
EndProject
Project("{FAE04EC0-301F-11D3-BF4B-00C04F79EFBC}") = "Project 2 - classes", "Project2 - classes\Project 2 - classes.csproj", "{428875D2-C0D1-4A61-8BFD-D965B1710CC3}"
EndProject
Project("{FAE04EC0-301F-11D3-BF4B-00C04F79EFBC}") = "Project 3 - classes cont", "Project3 - classes cont\Project 3 - classes cont.csproj", "{A74A75B4-1FF2-4A5C-8CF3-81E127644EC0}"
EndProject
Project("{FAE04EC0-301F-11D3-BF4B-00C04F79EFBC}") = "Project 4 - Lists and functions overrides", "Lists and functions overrides\Project 4 - Lists and functions overrides.csproj", "{0A18E760-D9DD-43E8-9304-722450634E3A}"
EndProject
Global
	GlobalSection(SolutionConfigurationPlatforms) = preSolution
		Debug|Any CPU = Debug|Any CPU
		Release|Any CPU = Release|Any CPU
	EndGlobalSection
	GlobalSection(ProjectConfigurationPlatforms) = postSolution
		{8288C69F-A728-4EC2-905C-EAD09D044919}.Debug|Any CPU.ActiveCfg = Debug|Any CPU
		{8288C69F-A728-4EC2-905C-EAD09D044919}.Debug|Any CPU.Build.0 = Debug|Any CPU
		{8288C69F-A728-4EC2-905C-EAD09D044919}.Release|Any CPU.ActiveCfg = Release|Any CPU
		{8288C69F-A728-4EC2-905C-EAD09D044919}.Release|Any CPU.Build.0 = Release|Any CPU
		{428875D2-C0D1-4A61-8BFD-D965B1710CC3}.Debug|Any CPU.ActiveCfg = Debug|Any CPU
		{428875D2-C0D1-4A61-8BFD-D965B1710CC3}.Debug|Any CPU.Build.0 = Debug|Any CPU
		{428875D2-C0D1-4A61-8BFD-D965B1710CC3}.Release|Any CPU.ActiveCfg = Release|Any CPU
		{428875D2-C0D1-4A61-8BFD-D965B1710CC3}.Release|Any CPU.Build.0 = Release|Any CPU
		{A74A75B4-1FF2-4A5C-8CF3-81E127644EC0}.Debug|Any CPU.ActiveCfg = Debug|Any CPU
		{A74A75B4-1FF2-4A5C-8CF3-81E127644EC0}.Debug|Any CPU.Build.0 = Debug|Any CPU
		{A74A75B4-1FF2-4A5C-8CF3-81E127644EC0}.Release|Any CPU.ActiveCfg = Release|Any CPU
		{A74A75B4-1FF2-4A5C-8CF3-81E127644EC0}.Release|Any CPU.Build.0 = Release|Any CPU
		{0A18E760-D9DD-43E8-9304-722450634E3A}.Debug|Any CPU.ActiveCfg = Debug|Any CPU
		{0A18E760-D9DD-43E8-9304-722450634E3A}.Debug|Any CPU.Build.0 = Debug|Any CPU
		{0A18E760-D9DD-43E8-9304-722450634E3A}.Release|Any CPU.ActiveCfg = Release|Any CPU
		{0A18E760-D9DD-43E8-9304-722450634E3A}.Release|Any CPU.Build.0 = Release|Any CPU
	EndGlobalSection
	GlobalSection(SolutionProperties) = preSolution
		HideSolutionNode = FALSE
	EndGlobalSection
	GlobalSection(ExtensibilityGlobals) = postSolution
		SolutionGuid = {8F67B46A-6BFC-4019-90A2-B5BC881DE3B6}
	EndGlobalSection
EndGlobal
